
Microsoft Visual Studio Solution File, Format Version 12.00
# Visual Studio Version 16
VisualStudioVersion = 16.0.32630.194
MinimumVisualStudioVersion = 10.0.40219.1
Project("{FAE04EC0-301F-11D3-BF4B-00C04F79EFBC}") = "MvcCV1", "MvcCV1\MvcCV1.csproj", "{09B28E09-9D58-4868-990B-45C699656E21}"
EndProject
Global
	GlobalSection(SolutionConfigurationPlatforms) = preSolution
		Debug|Any CPU = Debug|Any CPU
		Release|Any CPU = Release|Any CPU
	EndGlobalSection
	GlobalSection(ProjectConfigurationPlatforms) = postSolution
		{09B28E09-9D58-4868-990B-45C699656E21}.Debug|Any CPU.ActiveCfg = Debug|Any CPU
		{09B28E09-9D58-4868-990B-45C699656E21}.Debug|Any CPU.Build.0 = Debug|Any CPU
		{09B28E09-9D58-4868-990B-45C699656E21}.Release|Any CPU.ActiveCfg = Release|Any CPU
		{09B28E09-9D58-4868-990B-45C699656E21}.Release|Any CPU.Build.0 = Release|Any CPU
	EndGlobalSection
	GlobalSection(SolutionProperties) = preSolution
		HideSolutionNode = FALSE
	EndGlobalSection
	GlobalSection(ExtensibilityGlobals) = postSolution
		SolutionGuid = {486BE8E5-97FD-4EE7-A417-B92CF331B7E2}
	EndGlobalSection
EndGlobal
